PODS:
  - DKImagePickerController/Core (4.3.2):
    - DKImagePickerController/ImageDataManager
    - DKImagePickerController/Resource
  - DKImagePickerController/ImageDataManager (4.3.2)
  - DKImagePickerController/PhotoGallery (4.3.2):
    - DKImagePickerController/Core
    - DKPhotoGallery
  - DKImagePickerController/Resource (4.3.2)
  - DKPhotoGallery (0.0.17):
    - DKPhotoGallery/Core (= 0.0.17)
    - DKPhotoGallery/Model (= 0.0.17)
    - DKPhotoGallery/Preview (= 0.0.17)
    - DKPhotoGallery/Resource (= 0.0.17)
    - SDWebImage
    - SwiftyGif
  - DKPhotoGallery/Core (0.0.17):
    - DKPhotoGallery/Model
    - DKPhotoGallery/Preview
    - SDWebImage
    - SwiftyGif
  - DKPhotoGallery/Model (0.0.17):
    - SDWebImage
    - SwiftyGif
  - DKPhotoGallery/Preview (0.0.17):
    - DKPhotoGallery/Model
    - DKPhotoGallery/Resource
    - SDWebImage
    - SwiftyGif
  - DKPhotoGallery/Resource (0.0.17):
    - SDWebImage
    - SwiftyGif
  - file_picker (0.0.1):
    - DKImagePickerController/PhotoGallery
    - Flutter
  - Firebase/CoreOnly (8.5.0):
    - FirebaseCore (= 8.5.0)
  - Firebase/Messaging (8.5.0):
    - Firebase/CoreOnly
    - FirebaseMessaging (~> 8.5.0)
  - firebase_core (1.5.0):
    - Firebase/CoreOnly (= 8.5.0)
    - Flutter
  - firebase_messaging (10.0.5):
    - Firebase/Messaging (= 8.5.0)
    - firebase_core
    - Flutter
  - FirebaseCore (8.5.0):
    - FirebaseCoreDiagnostics (~> 8.0)
    - GoogleUtilities/Environment (~> 7.4)
    - GoogleUtilities/Logger (~> 7.4)
  - FirebaseCoreDiagnostics (8.5.0):
    - GoogleDataTransport (~> 9.0)
    - GoogleUtilities/Environment (~> 7.4)
    - GoogleUtilities/Logger (~> 7.4)
    - nanopb (~> 2.30908.0)
  - FirebaseInstallations (8.5.0):
    - FirebaseCore (~> 8.0)
    - GoogleUtilities/Environment (~> 7.4)
    - GoogleUtilities/UserDefaults (~> 7.4)
    - PromisesObjC (< 3.0, >= 1.2)
  - FirebaseMessaging (8.5.0):
    - FirebaseCore (~> 8.0)
    - FirebaseInstallations (~> 8.0)
    - GoogleUtilities/AppDelegateSwizzler (~> 7.4)
    - GoogleUtilities/Environment (~> 7.4)
    - GoogleUtilities/Reachability (~> 7.4)
    - GoogleUtilities/UserDefaults (~> 7.4)
  - Flutter (1.0.0)
  - flutter_local_notifications (0.0.1):
    - Flutter
  - flutter_statusbarcolor (0.0.1):
    - Flutter
  - fluttertoast (0.0.2):
    - Flutter
    - Toast
  - GoogleDataTransport (9.1.0):
    - GoogleUtilities/Environment (~> 7.2)
    - nanopb (~> 2.30908.0)
    - PromisesObjC (< 3.0, >= 1.2)
  - GoogleUtilities/AppDelegateSwizzler (7.5.0):
    - GoogleUtilities/Environment
    - GoogleUtilities/Logger
    - GoogleUtilities/Network
  - GoogleUtilities/Environment (7.5.0):
    - PromisesObjC (< 3.0, >= 1.2)
  - GoogleUtilities/Logger (7.5.0):
    - GoogleUtilities/Environment
  - GoogleUtilities/Network (7.5.0):
    - GoogleUtilities/Logger
    - "GoogleUtilities/NSData+zlib"
    - GoogleUtilities/Reachability
  - "GoogleUtilities/NSData+zlib (7.5.0)"
  - GoogleUtilities/Reachability (7.5.0):
    - GoogleUtilities/Logger
  - GoogleUtilities/UserDefaults (7.5.0):
    - GoogleUtilities/Logger
  - image_picker (0.0.1):
    - Flutter
  - nanopb (2.30908.0):
    - nanopb/decode (= 2.30908.0)
    - nanopb/encode (= 2.30908.0)
  - nanopb/decode (2.30908.0)
  - nanopb/encode (2.30908.0)
  - path_provider (0.0.1):
    - Flutter
  - PromisesObjC (2.0.0)
  - razorpay-pod (1.1.14)
  - razorpay_flutter (1.1.10):
    - Flutter
    - razorpay-pod
  - SDWebImage (5.11.1):
    - SDWebImage/Core (= 5.11.1)
  - SDWebImage/Core (5.11.1)
  - shared_preferences (0.0.1):
    - Flutter
  - SwiftyGif (5.4.0)
  - Toast (4.0.0)
  - url_launcher (0.0.1):
    - Flutter
  - video_player (0.0.1):
    - Flutter
  - wakelock (0.0.1):
    - Flutter
  - webview_flutter (0.0.1):
    - Flutter

DEPENDENCIES:
  - file_picker (from `.symlinks/plugins/file_picker/ios`)
  - firebase_core (from `.symlinks/plugins/firebase_core/ios`)
  - firebase_messaging (from `.symlinks/plugins/firebase_messaging/ios`)
  - Flutter (from `Flutter`)
  - flutter_local_notifications (from `.symlinks/plugins/flutter_local_notifications/ios`)
  - flutter_statusbarcolor (from `.symlinks/plugins/flutter_statusbarcolor/ios`)
  - fluttertoast (from `.symlinks/plugins/fluttertoast/ios`)
  - image_picker (from `.symlinks/plugins/image_picker/ios`)
  - path_provider (from `.symlinks/plugins/path_provider/ios`)
  - razorpay_flutter (from `.symlinks/plugins/razorpay_flutter/ios`)
  - shared_preferences (from `.symlinks/plugins/shared_preferences/ios`)
  - url_launcher (from `.symlinks/plugins/url_launcher/ios`)
  - video_player (from `.symlinks/plugins/video_player/ios`)
  - wakelock (from `.symlinks/plugins/wakelock/ios`)
  - webview_flutter (from `.symlinks/plugins/webview_flutter/ios`)

SPEC REPOS:
  trunk:
    - DKImagePickerController
    - DKPhotoGallery
    - Firebase
    - FirebaseCore
    - FirebaseCoreDiagnostics
    - FirebaseInstallations
    - FirebaseMessaging
    - GoogleDataTransport
    - GoogleUtilities
    - nanopb
    - PromisesObjC
    - razorpay-pod
    - SDWebImage
    - SwiftyGif
    - Toast

EXTERNAL SOURCES:
  file_picker:
    :path: ".symlinks/plugins/file_picker/ios"
  firebase_core:
    :path: ".symlinks/plugins/firebase_core/ios"
  firebase_messaging:
    :path: ".symlinks/plugins/firebase_messaging/ios"
  Flutter:
    :path: Flutter
  flutter_local_notifications:
    :path: ".symlinks/plugins/flutter_local_notifications/ios"
  flutter_statusbarcolor:
    :path: ".symlinks/plugins/flutter_statusbarcolor/ios"
  fluttertoast:
    :path: ".symlinks/plugins/fluttertoast/ios"
  image_picker:
    :path: ".symlinks/plugins/image_picker/ios"
  path_provider:
    :path: ".symlinks/plugins/path_provider/ios"
  razorpay_flutter:
    :path: ".symlinks/plugins/razorpay_flutter/ios"
  shared_preferences:
    :path: ".symlinks/plugins/shared_preferences/ios"
  url_launcher:
    :path: ".symlinks/plugins/url_launcher/ios"
  video_player:
    :path: ".symlinks/plugins/video_player/ios"
  wakelock:
    :path: ".symlinks/plugins/wakelock/ios"
  webview_flutter:
    :path: ".symlinks/plugins/webview_flutter/ios"

SPEC CHECKSUMS:
  DKImagePickerController: b5eb7f7a388e4643264105d648d01f727110fc3d
  DKPhotoGallery: fdfad5125a9fdda9cc57df834d49df790dbb4179
  file_picker: 3e6c3790de664ccf9b882732d9db5eaf6b8d4eb1
  Firebase: ff8c73105b90e33e1dc6c8e5445d7adc2ccdc7c1
  firebase_core: 82d486a6231b636aea229bd471bceca82cbe00a6
  firebase_messaging: 0c5342aa6d92d09429ef67c81a1345189fcb76c9
  FirebaseCore: 1c1ca72483b59b17050f5b4cec4fb748425a3901
  FirebaseCoreDiagnostics: 7bf55d386f9fc690d971b70a582142321a390eb8
  FirebaseInstallations: f2bc590b291d25fb40a9a05b8281c02a881b5117
  FirebaseMessaging: 0705ec705c21705efc51c071fba924c8e25c63e7
  Flutter: 434fef37c0980e73bb6479ef766c45957d4b510c
  flutter_local_notifications: 0c0b1ae97e741e1521e4c1629a459d04b9aec743
  flutter_statusbarcolor: 8afb1071ed8c58be929f1e32b36c629771fd2259
  fluttertoast: 6122fa75143e992b1d3470f61000f591a798cc58
  GoogleDataTransport: 85fd18ff3019bb85d3f2c551d04c481dedf71fc9
  GoogleUtilities: eea970f4a389963963bffe8d8fabe43540678b9c
  image_picker: e06f7a68f000bd36f552c1847e33cda96ed31f1f
  nanopb: a0ba3315591a9ae0a16a309ee504766e90db0c96
  path_provider: abfe2b5c733d04e238b0d8691db0cfd63a27a93c
  PromisesObjC: 68159ce6952d93e17b2dfe273b8c40907db5ba58
  razorpay-pod: 7991bc0823d0f4b2934b4ea87967d54d2e284e2c
  razorpay_flutter: 84b3bfd206ae9c9c2a9ba585524a1b3d8102b6c1
  SDWebImage: a7f831e1a65eb5e285e3fb046a23fcfbf08e696d
  shared_preferences: af6bfa751691cdc24be3045c43ec037377ada40d
  SwiftyGif: 5d4af95df24caf1c570dbbcb32a3b8a0763bc6d7
  Toast: 91b396c56ee72a5790816f40d3a94dd357abc196
  url_launcher: 6fef411d543ceb26efce54b05a0a40bfd74cbbef
  video_player: 9cc823b1d9da7e8427ee591e8438bfbcde500e6e
  wakelock: d0fc7c864128eac40eba1617cb5264d9c940b46f
  webview_flutter: 3603125dfd3bcbc9d8d418c3f80aeecf331c068b

PODFILE CHECKSUM: 6998435987a000fdec9b2e1b5b1eef6d54bdba77

COCOAPODS: 1.10.1
